{
    "name": "@atomone/indexer-feed",
    "version": "1.0.0",
    "lockfileVersion": 3,
    "requires": true,
    "packages": {
        "": {
            "name": "@atomone/indexer-feed",
            "version": "1.0.0",
            "dependencies": {
                "@atomone/chronostate": "^2.2.3",
                "@atomone/dither-api-types": "^1.4.0",
                "graphql": "^16.8.1",
                "graphql-request": "^6.1.0",
                "tsx": "^4.20.5"
            },
            "devDependencies": {
                "@types/node": "^22.13.10",
                "@types/pg": "^8.11.12",
                "typescript": "^5.8.2",
                "vite-node": "^3.2.4",
                "vitest": "^3.1.3"
            }
        },
        "../../node_modules/.pnpm/@atomone+chronostate@2.2.3/node_modules/@atomone/chronostate": {
            "version": "2.2.3",
            "license": "GnoGPL",
            "devDependencies": {
                "@types/node": "^22.15.33",
                "tsx": "^4.20.3",
                "vitest": "^3.2.4"
            }
        },
        "../../node_modules/.pnpm/@atomone+dither-api-types@1.4.0_@sinclair+typebox@0.34.38_openapi-types@12.1.3_typescript@5.8.3/node_modules/@atomone/dither-api-types": {
            "version": "1.4.0",
            "license": "GnoGPL",
            "dependencies": {
                "elysia": "~1.2.25"
            },
            "devDependencies": {
                "typescript": "^5.8.3"
            }
        },
        "../../node_modules/.pnpm/@types+node@22.15.17/node_modules/@types/node": {
            "version": "22.15.17",
            "dev": true,
            "license": "MIT",
            "dependencies": {
                "undici-types": "~6.21.0"
            }
        },
        "../../node_modules/.pnpm/@types+pg@8.15.1/node_modules/@types/pg": {
            "version": "8.15.1",
            "dev": true,
            "license": "MIT",
            "dependencies": {
                "@types/node": "*",
                "pg-protocol": "*",
                "pg-types": "^4.0.1"
            }
        },
        "../../node_modules/.pnpm/tsx@4.20.5/node_modules/tsx": {
            "version": "4.20.5",
            "license": "MIT",
            "dependencies": {
                "esbuild": "~0.25.0",
                "get-tsconfig": "^4.7.5"
            },
            "bin": {
                "tsx": "dist/cli.mjs"
            },
            "engines": {
                "node": ">=18.0.0"
            },
            "optionalDependencies": {
                "fsevents": "~2.3.3"
            }
        },
        "../../node_modules/.pnpm/typescript@5.8.3/node_modules/typescript": {
            "version": "5.8.3",
            "dev": true,
            "license": "Apache-2.0",
            "bin": {
                "tsc": "bin/tsc",
                "tsserver": "bin/tsserver"
            },
            "devDependencies": {
                "@dprint/formatter": "^0.4.1",
                "@dprint/typescript": "0.93.3",
                "@esfx/canceltoken": "^1.0.0",
                "@eslint/js": "^9.17.0",
                "@octokit/rest": "^21.0.2",
                "@types/chai": "^4.3.20",
                "@types/diff": "^5.2.3",
                "@types/minimist": "^1.2.5",
                "@types/mocha": "^10.0.10",
                "@types/ms": "^0.7.34",
                "@types/node": "latest",
                "@types/source-map-support": "^0.5.10",
                "@types/which": "^3.0.4",
                "@typescript-eslint/rule-tester": "^8.18.1",
                "@typescript-eslint/type-utils": "^8.18.1",
                "@typescript-eslint/utils": "^8.18.1",
                "azure-devops-node-api": "^14.1.0",
                "c8": "^10.1.3",
                "chai": "^4.5.0",
                "chalk": "^4.1.2",
                "chokidar": "^3.6.0",
                "diff": "^5.2.0",
                "dprint": "^0.47.6",
                "esbuild": "^0.24.0",
                "eslint": "^9.17.0",
                "eslint-formatter-autolinkable-stylish": "^1.4.0",
                "eslint-plugin-regexp": "^2.7.0",
                "fast-xml-parser": "^4.5.1",
                "glob": "^10.4.5",
                "globals": "^15.13.0",
                "hereby": "^1.10.0",
                "jsonc-parser": "^3.3.1",
                "knip": "^5.41.0",
                "minimist": "^1.2.8",
                "mocha": "^10.8.2",
                "mocha-fivemat-progress-reporter": "^0.1.0",
                "monocart-coverage-reports": "^2.11.4",
                "ms": "^2.1.3",
                "playwright": "^1.49.1",
                "source-map-support": "^0.5.21",
                "tslib": "^2.8.1",
                "typescript": "^5.7.2",
                "typescript-eslint": "^8.18.1",
                "which": "^3.0.1"
            },
            "engines": {
                "node": ">=14.17"
            }
        },
        "../../node_modules/.pnpm/vite-node@3.2.4_@types+node@22.15.17_jiti@2.4.2_lightningcss@1.30.1_tsx@4.20.5/node_modules/vite-node": {
            "version": "3.2.4",
            "dev": true,
            "license": "MIT",
            "dependencies": {
                "cac": "^6.7.14",
                "debug": "^4.4.1",
                "es-module-lexer": "^1.7.0",
                "pathe": "^2.0.3",
                "vite": "^5.0.0 || ^6.0.0 || ^7.0.0-0"
            },
            "bin": {
                "vite-node": "vite-node.mjs"
            },
            "devDependencies": {
                "@jridgewell/trace-mapping": "^0.3.25",
                "@types/debug": "^4.1.12",
                "tinyrainbow": "^2.0.0"
            },
            "engines": {
                "node": "^18.0.0 || ^20.0.0 || >=22.0.0"
            },
            "funding": {
                "url": "https://opencollective.com/vitest"
            }
        },
        "../../node_modules/.pnpm/vitest@3.1.3_@types+node@22.15.17_jiti@2.4.2_lightningcss@1.30.1_tsx@4.20.5/node_modules/vitest": {
            "version": "3.1.3",
            "dev": true,
            "license": "MIT",
            "dependencies": {
                "@vitest/expect": "3.1.3",
                "@vitest/mocker": "3.1.3",
                "@vitest/pretty-format": "^3.1.3",
                "@vitest/runner": "3.1.3",
                "@vitest/snapshot": "3.1.3",
                "@vitest/spy": "3.1.3",
                "@vitest/utils": "3.1.3",
                "chai": "^5.2.0",
                "debug": "^4.4.0",
                "expect-type": "^1.2.1",
                "magic-string": "^0.30.17",
                "pathe": "^2.0.3",
                "std-env": "^3.9.0",
                "tinybench": "^2.9.0",
                "tinyexec": "^0.3.2",
                "tinyglobby": "^0.2.13",
                "tinypool": "^1.0.2",
                "tinyrainbow": "^2.0.0",
                "vite": "^5.0.0 || ^6.0.0",
                "vite-node": "3.1.3",
                "why-is-node-running": "^2.3.0"
            },
            "bin": {
                "vitest": "vitest.mjs"
            },
            "devDependencies": {
                "@ampproject/remapping": "^2.3.0",
                "@antfu/install-pkg": "^1.0.0",
                "@edge-runtime/vm": "^5.0.0",
                "@sinonjs/fake-timers": "14.0.0",
                "@types/debug": "^4.1.12",
                "@types/estree": "^1.0.7",
                "@types/istanbul-lib-coverage": "^2.0.6",
                "@types/istanbul-reports": "^3.0.4",
                "@types/jsdom": "^21.1.7",
                "@types/micromatch": "^4.0.9",
                "@types/node": "^22.14.1",
                "@types/prompts": "^2.4.9",
                "@types/sinonjs__fake-timers": "^8.1.5",
                "acorn-walk": "^8.3.4",
                "birpc": "2.3.0",
                "cac": "^6.7.14",
                "chai-subset": "^1.6.0",
                "find-up": "^6.3.0",
                "flatted": "^3.3.3",
                "get-tsconfig": "^4.10.0",
                "happy-dom": "^17.4.4",
                "jsdom": "^26.1.0",
                "local-pkg": "^1.1.1",
                "micromatch": "^4.0.8",
                "pretty-format": "^29.7.0",
                "prompts": "^2.4.2",
                "strip-literal": "^3.0.0",
                "ws": "^8.18.1"
            },
            "engines": {
                "node": "^18.0.0 || ^20.0.0 || >=22.0.0"
            },
            "funding": {
                "url": "https://opencollective.com/vitest"
            },
            "peerDependencies": {
                "@edge-runtime/vm": "*",
                "@types/debug": "^4.1.12",
                "@types/node": "^18.0.0 || ^20.0.0 || >=22.0.0",
                "@vitest/browser": "3.1.3",
                "@vitest/ui": "3.1.3",
                "happy-dom": "*",
                "jsdom": "*"
            },
            "peerDependenciesMeta": {
                "@edge-runtime/vm": {
                    "optional": true
                },
                "@types/debug": {
                    "optional": true
                },
                "@types/node": {
                    "optional": true
                },
                "@vitest/browser": {
                    "optional": true
                },
                "@vitest/ui": {
                    "optional": true
                },
                "happy-dom": {
                    "optional": true
                },
                "jsdom": {
                    "optional": true
                }
            }
        },
        "node_modules/@atomone/chronostate": {
            "resolved": "../../node_modules/.pnpm/@atomone+chronostate@2.2.3/node_modules/@atomone/chronostate",
            "link": true
        },
        "node_modules/@atomone/dither-api-types": {
            "resolved": "../../node_modules/.pnpm/@atomone+dither-api-types@1.4.0_@sinclair+typebox@0.34.38_openapi-types@12.1.3_typescript@5.8.3/node_modules/@atomone/dither-api-types",
            "link": true
        },
        "node_modules/@graphql-typed-document-node/core": {
            "version": "3.2.0",
            "resolved": "https://registry.npmjs.org/@graphql-typed-document-node/core/-/core-3.2.0.tgz",
            "integrity": "sha512-mB9oAsNCm9aM3/SOv4YtBMqZbYj10R7dkq8byBqxGY/ncFwhf2oQzMV+LCRlWoDSEBJ3COiR1yeDvMtsoOsuFQ==",
            "license": "MIT",
            "peerDependencies": {
                "graphql": "^0.8.0 || ^0.9.0 || ^0.10.0 || ^0.11.0 || ^0.12.0 || ^0.13.0 || ^14.0.0 || ^15.0.0 || ^16.0.0 || ^17.0.0"
            }
        },
        "node_modules/@types/node": {
            "resolved": "../../node_modules/.pnpm/@types+node@22.15.17/node_modules/@types/node",
            "link": true
        },
        "node_modules/@types/pg": {
            "resolved": "../../node_modules/.pnpm/@types+pg@8.15.1/node_modules/@types/pg",
            "link": true
        },
        "node_modules/cross-fetch": {
            "version": "3.2.0",
            "resolved": "https://registry.npmjs.org/cross-fetch/-/cross-fetch-3.2.0.tgz",
            "integrity": "sha512-Q+xVJLoGOeIMXZmbUK4HYk+69cQH6LudR0Vu/pRm2YlU/hDV9CiS0gKUMaWY5f2NeUH9C1nV3bsTlCo0FsTV1Q==",
            "license": "MIT",
            "dependencies": {
                "node-fetch": "^2.7.0"
            }
        },
        "node_modules/graphql": {
            "version": "16.11.0",
            "resolved": "https://registry.npmjs.org/graphql/-/graphql-16.11.0.tgz",
            "integrity": "sha512-mS1lbMsxgQj6hge1XZ6p7GPhbrtFwUFYi3wRzXAC/FmYnyXMTvvI3td3rjmQ2u8ewXueaSvRPWaEcgVVOT9Jnw==",
            "license": "MIT",
            "engines": {
                "node": "^12.22.0 || ^14.16.0 || ^16.0.0 || >=17.0.0"
            }
        },
        "node_modules/graphql-request": {
            "version": "6.1.0",
            "resolved": "https://registry.npmjs.org/graphql-request/-/graphql-request-6.1.0.tgz",
            "integrity": "sha512-p+XPfS4q7aIpKVcgmnZKhMNqhltk20hfXtkaIkTfjjmiKMJ5xrt5c743cL03y/K7y1rg3WrIC49xGiEQ4mxdNw==",
            "license": "MIT",
            "dependencies": {
                "@graphql-typed-document-node/core": "^3.2.0",
                "cross-fetch": "^3.1.5"
            },
            "peerDependencies": {
                "graphql": "14 - 16"
            }
        },
        "node_modules/node-fetch": {
            "version": "2.7.0",
            "resolved": "https://registry.npmjs.org/node-fetch/-/node-fetch-2.7.0.tgz",
            "integrity": "sha512-c4FRfUm/dbcWZ7U+1Wq0AwCyFL+3nt2bEw05wfxSz+DWpWsitgmSgYmy2dQdWyKC1694ELPqMs/YzUSNozLt8A==",
            "license": "MIT",
            "dependencies": {
                "whatwg-url": "^5.0.0"
            },
            "engines": {
                "node": "4.x || >=6.0.0"
            },
            "peerDependencies": {
                "encoding": "^0.1.0"
            },
            "peerDependenciesMeta": {
                "encoding": {
                    "optional": true
                }
            }
        },
        "node_modules/tr46": {
            "version": "0.0.3",
            "resolved": "https://registry.npmjs.org/tr46/-/tr46-0.0.3.tgz",
            "integrity": "sha512-N3WMsuqV66lT30CrXNbEjx4GEwlow3v6rr4mCcv6prnfwhS01rkgyFdjPNBYd9br7LpXV1+Emh01fHnq2Gdgrw==",
            "license": "MIT"
        },
        "node_modules/tsx": {
            "resolved": "../../node_modules/.pnpm/tsx@4.20.5/node_modules/tsx",
            "link": true
        },
        "node_modules/typescript": {
            "resolved": "../../node_modules/.pnpm/typescript@5.8.3/node_modules/typescript",
            "link": true
        },
        "node_modules/vite-node": {
            "resolved": "../../node_modules/.pnpm/vite-node@3.2.4_@types+node@22.15.17_jiti@2.4.2_lightningcss@1.30.1_tsx@4.20.5/node_modules/vite-node",
            "link": true
        },
        "node_modules/vitest": {
            "resolved": "../../node_modules/.pnpm/vitest@3.1.3_@types+node@22.15.17_jiti@2.4.2_lightningcss@1.30.1_tsx@4.20.5/node_modules/vitest",
            "link": true
        },
        "node_modules/webidl-conversions": {
            "version": "3.0.1",
            "resolved": "https://registry.npmjs.org/webidl-conversions/-/webidl-conversions-3.0.1.tgz",
            "integrity": "sha512-2JAn3z8AR6rjK8Sm8orRC0h/bcl/DqL7tRPdGZ4I1CjdF+EaMLmYxBHyXuKL849eucPFhvBoxMsflfOb8kxaeQ==",
            "license": "BSD-2-Clause"
        },
        "node_modules/whatwg-url": {
            "version": "5.0.0",
            "resolved": "https://registry.npmjs.org/whatwg-url/-/whatwg-url-5.0.0.tgz",
            "integrity": "sha512-saE57nupxk6v3HY35+jzBwYa0rKSy0XR8JSxZPwgLr7ys0IBzhGviA1/TUGJLmSVqs8pb9AnvICXEuOHLprYTw==",
            "license": "MIT",
            "dependencies": {
                "tr46": "~0.0.3",
                "webidl-conversions": "^3.0.0"
            }
        }
    }
}
